{
  "name": "mellisearch",
  "version": "1.0.0",
  "lockfileVersion": 3,
  "requires": true,
  "packages": {
    "": {
      "name": "mellisearch",
      "version": "1.0.0",
      "license": "ISC",
      "dependencies": {
        "meilisearch": "^0.46.0"
      }
    },
    "node_modules/meilisearch": {
      "version": "0.46.0",
      "resolved": "https://registry.npmjs.org/meilisearch/-/meilisearch-0.46.0.tgz",
      "integrity": "sha512-bx0tei1B+Ke0Y02pCoqmcwfpkwuDf+/ZkQDVDvb+ZfGDpWaxq9Z7sE5kc3o8zWvP6wJE7e3PoU3Oy6WINqq5bw==",
      "license": "MIT"
    }
  }
}
